// !$*UTF8*$!
{
	archiveVersion = 1;
	classes = {
	};
	objectVersion = 48;
	objects = {

/* Begin PBXBuildFile section */
		A0D0550B203CE255000BE087 /* AppDelegate.swift in Sources */ = {isa = PBXBuildFile; fileRef = A0D0550A203CE255000BE087 /* AppDelegate.swift */; };
		A0D0550D203CE255000BE087 /* Assets.xcassets in Resources */ = {isa = PBXBuildFile; fileRef = A0D0550C203CE255000BE087 /* Assets.xcassets */; };
		A0D05510203CE255000BE087 /* MainMenu.xib in Resources */ = {isa = PBXBuildFile; fileRef = A0D0550E203CE255000BE087 /* MainMenu.xib */; };
		A0D0551C203CE255000BE087 /* PanelSystemExampleTests.swift in Sources */ = {isa = PBXBuildFile; fileRef = A0D0551B203CE255000BE087 /* PanelSystemExampleTests.swift */; };
		A0D05527203CE255000BE087 /* PanelSystemExampleUITests.swift in Sources */ = {isa = PBXBuildFile; fileRef = A0D05526203CE255000BE087 /* PanelSystemExampleUITests.swift */; };
		A0D05535203CE2E9000BE087 /* PanelSystem.framework in Frameworks */ = {isa = PBXBuildFile; fileRef = A0D05536203CE2E9000BE087 /* PanelSystem.framework */; };
/* End PBXBuildFile section */

/* Begin PBXContainerItemProxy section */
		A0D05518203CE255000BE087 /* PBXContainerItemProxy */ = {
			isa = PBXContainerItemProxy;
			containerPortal = A0D054FF203CE255000BE087 /* Project object */;
			proxyType = 1;
			remoteGlobalIDString = A0D05506203CE255000BE087;
			remoteInfo = PanelSystemExample;
		};
		A0D05523203CE255000BE087 /* PBXContainerItemProxy */ = {
			isa = PBXContainerItemProxy;
			containerPortal = A0D054FF203CE255000BE087 /* Project object */;
			proxyType = 1;
			remoteGlobalIDString = A0D05506203CE255000BE087;
			remoteInfo = PanelSystemExample;
		};
/* End PBXContainerItemProxy section */

/* Begin PBXFileReference section */
		A0D05507203CE255000BE087 /* PanelSystemExample.app */ = {isa = PBXFileReference; explicitFileType = wrapper.application; includeInIndex = 0; path = PanelSystemExample.app; sourceTree = BUILT_PRODUCTS_DIR; };
		A0D0550A203CE255000BE087 /* AppDelegate.swift */ = {isa = PBXFileReference; lastKnownFileType = sourcecode.swift; path = AppDelegate.swift; sourceTree = "<group>"; };
		A0D0550C203CE255000BE087 /* Assets.xcassets */ = {isa = PBXFileReference; lastKnownFileType = folder.assetcatalog; path = Assets.xcassets; sourceTree = "<group>"; };
		A0D0550F203CE255000BE087 /* Base */ = {isa = PBXFileReference; lastKnownFileType = file.xib; name = Base; path = Base.lproj/MainMenu.xib; sourceTree = "<group>"; };
		A0D05511203CE255000BE087 /* Info.plist */ = {isa = PBXFileReference; lastKnownFileType = text.plist.xml; path = Info.plist; sourceTree = "<group>"; };
		A0D05512203CE255000BE087 /* PanelSystemExample.entitlements */ = {isa = PBXFileReference; lastKnownFileType = text.plist.entitlements; path = PanelSystemExample.entitlements; sourceTree = "<group>"; };
		A0D05517203CE255000BE087 /* PanelSystemExampleTests.xctest */ = {isa = PBXFileReference; explicitFileType = wrapper.cfbundle; includeInIndex = 0; path = PanelSystemExampleTests.xctest; sourceTree = BUILT_PRODUCTS_DIR; };
		A0D0551B203CE255000BE087 /* PanelSystemExampleTests.swift */ = {isa = PBXFileReference; lastKnownFileType = sourcecode.swift; path = PanelSystemExampleTests.swift; sourceTree = "<group>"; };
		A0D0551D203CE255000BE087 /* Info.plist */ = {isa = PBXFileReference; lastKnownFileType = text.plist.xml; path = Info.plist; sourceTree = "<group>"; };
		A0D05522203CE255000BE087 /* PanelSystemExampleUITests.xctest */ = {isa = PBXFileReference; explicitFileType = wrapper.cfbundle; includeInIndex = 0; path = PanelSystemExampleUITests.xctest; sourceTree = BUILT_PRODUCTS_DIR; };
		A0D05526203CE255000BE087 /* PanelSystemExampleUITests.swift */ = {isa = PBXFileReference; lastKnownFileType = sourcecode.swift; path = PanelSystemExampleUITests.swift; sourceTree = "<group>"; };
		A0D05528203CE255000BE087 /* Info.plist */ = {isa = PBXFileReference; lastKnownFileType = text.plist.xml; path = Info.plist; sourceTree = "<group>"; };
		A0D05536203CE2E9000BE087 /* PanelSystem.framework */ = {isa = PBXFileReference; explicitFileType = wrapper.framework; path = PanelSystem.framework; sourceTree = BUILT_PRODUCTS_DIR; };
/* End PBXFileReference section */

/* Begin PBXFrameworksBuildPhase section */
		A0D05504203CE255000BE087 /* Frameworks */ = {
			isa = PBXFrameworksBuildPhase;
			buildActionMask = 2147483647;
			files = (
				A0D05535203CE2E9000BE087 /* PanelSystem.framework in Frameworks */,
			);
			runOnlyForDeploymentPostprocessing = 0;
		};
		A0D05514203CE255000BE087 /* Frameworks */ = {
			isa = PBXFrameworksBuildPhase;
			buildActionMask = 2147483647;
			files = (
			);
			runOnlyForDeploymentPostprocessing = 0;
		};
		A0D0551F203CE255000BE087 /* Frameworks */ = {
			isa = PBXFrameworksBuildPhase;
			buildActionMask = 2147483647;
			files = (
			);
			runOnlyForDeploymentPostprocessing = 0;
		};
/* End PBXFrameworksBuildPhase section */

/* Begin PBXGroup section */
		A0D054FE203CE255000BE087 = {
			isa = PBXGroup;
			children = (
				A0D05509203CE255000BE087 /* PanelSystemExample */,
				A0D0551A203CE255000BE087 /* PanelSystemExampleTests */,
				A0D05525203CE255000BE087 /* PanelSystemExampleUITests */,
				A0D05508203CE255000BE087 /* Products */,
				A0D05534203CE2E9000BE087 /* Frameworks */,
			);
			sourceTree = "<group>";
		};
		A0D05508203CE255000BE087 /* Products */ = {
			isa = PBXGroup;
			children = (
				A0D05507203CE255000BE087 /* PanelSystemExample.app */,
				A0D05517203CE255000BE087 /* PanelSystemExampleTests.xctest */,
				A0D05522203CE255000BE087 /* PanelSystemExampleUITests.xctest */,
			);
			name = Products;
			sourceTree = "<group>";
		};
		A0D05509203CE255000BE087 /* PanelSystemExample */ = {
			isa = PBXGroup;
			children = (
				A0D0550A203CE255000BE087 /* AppDelegate.swift */,
				A0D0550C203CE255000BE087 /* Assets.xcassets */,
				A0D0550E203CE255000BE087 /* MainMenu.xib */,
				A0D05511203CE255000BE087 /* Info.plist */,
				A0D05512203CE255000BE087 /* PanelSystemExample.entitlements */,
			);
			path = PanelSystemExample;
			sourceTree = "<group>";
		};
		A0D0551A203CE255000BE087 /* PanelSystemExampleTests */ = {
			isa = PBXGroup;
			children = (
				A0D0551B203CE255000BE087 /* PanelSystemExampleTests.swift */,
				A0D0551D203CE255000BE087 /* Info.plist */,
			);
			path = PanelSystemExampleTests;
			sourceTree = "<group>";
		};
		A0D05525203CE255000BE087 /* PanelSystemExampleUITests */ = {
			isa = PBXGroup;
			children = (
				A0D05526203CE255000BE087 /* PanelSystemExampleUITests.swift */,
				A0D05528203CE255000BE087 /* Info.plist */,
			);
			path = PanelSystemExampleUITests;
			sourceTree = "<group>";
		};
		A0D05534203CE2E9000BE087 /* Frameworks */ = {
			isa = PBXGroup;
			children = (
				A0D05536203CE2E9000BE087 /* PanelSystem.framework */,
			);
			name = Frameworks;
			sourceTree = "<group>";
		};
/* End PBXGroup section */

/* Begin PBXNativeTarget section */
		A0D05506203CE255000BE087 /* PanelSystemExample */ = {
			isa = PBXNativeTarget;
			buildConfigurationList = A0D0552B203CE255000BE087 /* Build configuration list for PBXNativeTarget "PanelSystemExample" */;
			buildPhases = (
				A0D05503203CE255000BE087 /* Sources */,
				A0D05504203CE255000BE087 /* Frameworks */,
				A0D05505203CE255000BE087 /* Resources */,
			);
			buildRules = (
			);
			dependencies = (
			);
			name = PanelSystemExample;
			productName = PanelSystemExample;
			productReference = A0D05507203CE255000BE087 /* PanelSystemExample.app */;
			productType = "com.apple.product-type.application";
		};
		A0D05516203CE255000BE087 /* PanelSystemExampleTests */ = {
			isa = PBXNativeTarget;
			buildConfigurationList = A0D0552E203CE255000BE087 /* Build configuration list for PBXNativeTarget "PanelSystemExampleTests" */;
			buildPhases = (
				A0D05513203CE255000BE087 /* Sources */,
				A0D05514203CE255000BE087 /* Frameworks */,
				A0D05515203CE255000BE087 /* Resources */,
			);
			buildRules = (
			);
			dependencies = (
				A0D05519203CE255000BE087 /* PBXTargetDependency */,
			);
			name = PanelSystemExampleTests;
			productName = PanelSystemExampleTests;
			productReference = A0D05517203CE255000BE087 /* PanelSystemExampleTests.xctest */;
			productType = "com.apple.product-type.bundle.unit-test";
		};
		A0D05521203CE255000BE087 /* PanelSystemExampleUITests */ = {
			isa = PBXNativeTarget;
			buildConfigurationList = A0D05531203CE255000BE087 /* Build configuration list for PBXNativeTarget "PanelSystemExampleUITests" */;
			buildPhases = (
				A0D0551E203CE255000BE087 /* Sources */,
				A0D0551F203CE255000BE087 /* Frameworks */,
				A0D05520203CE255000BE087 /* Resources */,
			);
			buildRules = (
			);
			dependencies = (
				A0D05524203CE255000BE087 /* PBXTargetDependency */,
			);
			name = PanelSystemExampleUITests;
			productName = PanelSystemExampleUITests;
			productReference = A0D05522203CE255000BE087 /* PanelSystemExampleUITests.xctest */;
			productType = "com.apple.product-type.bundle.ui-testing";
		};
/* End PBXNativeTarget section */

/* Begin PBXProject section */
		A0D054FF203CE255000BE087 /* Project object */ = {
			isa = PBXProject;
			attributes = {
				LastSwiftUpdateCheck = 0920;
				LastUpgradeCheck = 0920;
				ORGANIZATIONNAME = "JJ Martin";
				TargetAttributes = {
					A0D05506203CE255000BE087 = {
						CreatedOnToolsVersion = 9.2;
						LastSwiftMigration = 1000;
						ProvisioningStyle = Automatic;
					};
					A0D05516203CE255000BE087 = {
						CreatedOnToolsVersion = 9.2;
						LastSwiftMigration = 1000;
						ProvisioningStyle = Automatic;
						TestTargetID = A0D05506203CE255000BE087;
					};
					A0D05521203CE255000BE087 = {
						CreatedOnToolsVersion = 9.2;
						LastSwiftMigration = 1000;
						ProvisioningStyle = Automatic;
						TestTargetID = A0D05506203CE255000BE087;
					};
				};
			};
			buildConfigurationList = A0D05502203CE255000BE087 /* Build configuration list for PBXProject "PanelSystemExample" */;
			compatibilityVersion = "Xcode 8.0";
			developmentRegion = en;
			hasScannedForEncodings = 0;
			knownRegions = (
				en,
				Base,
			);
			mainGroup = A0D054FE203CE255000BE087;
			productRefGroup = A0D05508203CE255000BE087 /* Products */;
			projectDirPath = "";
			projectRoot = "";
			targets = (
				A0D05506203CE255000BE087 /* PanelSystemExample */,
				A0D05516203CE255000BE087 /* PanelSystemExampleTests */,
				A0D05521203CE255000BE087 /* PanelSystemExampleUITests */,
			);
		};
/* End PBXProject section */

/* Begin PBXResourcesBuildPhase section */
		A0D05505203CE255000BE087 /* Resources */ = {
			isa = PBXResourcesBuildPhase;
			buildActionMask = 2147483647;
			files = (
				A0D0550D203CE255000BE087 /* Assets.xcassets in Resources */,
				A0D05510203CE255000BE087 /* MainMenu.xib in Resources */,
			);
			runOnlyForDeploymentPostprocessing = 0;
		};
		A0D05515203CE255000BE087 /* Resources */ = {
			isa = PBXResourcesBuildPhase;
			buildActionMask = 2147483647;
			files = (
			);
			runOnlyForDeploymentPostprocessing = 0;
		};
		A0D05520203CE255000BE087 /* Resources */ = {
			isa = PBXResourcesBuildPhase;
			buildActionMask = 2147483647;
			files = (
			);
			runOnlyForDeploymentPostprocessing = 0;
		};
/* End PBXResourcesBuildPhase section */

/* Begin PBXSourcesBuildPhase section */
		A0D05503203CE255000BE087 /* Sources */ = {
			isa = PBXSourcesBuildPhase;
			buildActionMask = 2147483647;
			files = (
				A0D0550B203CE255000BE087 /* AppDelegate.swift in Sources */,
			);
			runOnlyForDeploymentPostprocessing = 0;
		};
		A0D05513203CE255000BE087 /* Sources */ = {
			isa = PBXSourcesBuildPhase;
			buildActionMask = 2147483647;
			files = (
				A0D0551C203CE255000BE087 /* PanelSystemExampleTests.swift in Sources */,
			);
			runOnlyForDeploymentPostprocessing = 0;
		};
		A0D0551E203CE255000BE087 /* Sources */ = {
			isa = PBXSourcesBuildPhase;
			buildActionMask = 2147483647;
			files = (
				A0D05527203CE255000BE087 /* PanelSystemExampleUITests.swift in Sources */,
			);
			runOnlyForDeploymentPostprocessing = 0;
		};
/* End PBXSourcesBuildPhase section */

/* Begin PBXTargetDependency section */
		A0D05519203CE255000BE087 /* PBXTargetDependency */ = {
			isa = PBXTargetDependency;
			target = A0D05506203CE255000BE087 /* PanelSystemExample */;
			targetProxy = A0D05518203CE255000BE087 /* PBXContainerItemProxy */;
		};
		A0D05524203CE255000BE087 /* PBXTargetDependency */ = {
			isa = PBXTargetDependency;
			target = A0D05506203CE255000BE087 /* PanelSystemExample */;
			targetProxy = A0D05523203CE255000BE087 /* PBXContainerItemProxy */;
		};
/* End PBXTargetDependency section */

/* Begin PBXVariantGroup section */
		A0D0550E203CE255000BE087 /* MainMenu.xib */ = {
			isa = PBXVariantGroup;
			children = (
				A0D0550F203CE255000BE087 /* Base */,
			);
			name = MainMenu.xib;
			sourceTree = "<group>";
		};
/* End PBXVariantGroup section */

/* Begin XCBuildConfiguration section */
		A0D05529203CE255000BE087 /* Debug */ = {
			isa = XCBuildConfiguration;
			buildSettings = {
				ALWAYS_SEARCH_USER_PATHS = NO;
				CLANG_ANALYZER_NONNULL = YES;
				CLANG_ANALYZER_NUMBER_OBJECT_CONVERSION = YES_AGGRESSIVE;
				CLANG_CXX_LANGUAGE_STANDARD = "gnu++14";
				CLANG_CXX_LIBRARY = "libc++";
				CLANG_ENABLE_MODULES = YES;
				CLANG_ENABLE_OBJC_ARC = YES;
				CLANG_WARN_BLOCK_CAPTURE_AUTORELEASING = YES;
				CLANG_WARN_BOOL_CONVERSION = YES;
				CLANG_WARN_COMMA = YES;
				CLANG_WARN_CONSTANT_CONVERSION = YES;
				CLANG_WARN_DIRECT_OBJC_ISA_USAGE = YES_ERROR;
				CLANG_WARN_DOCUMENTATION_COMMENTS = YES;
				CLANG_WARN_EMPTY_BODY = YES;
				CLANG_WARN_ENUM_CONVERSION = YES;
				CLANG_WARN_INFINITE_RECURSION = YES;
				CLANG_WARN_INT_CONVERSION = YES;
				CLANG_WARN_NON_LITERAL_NULL_CONVERSION = YES;
				CLANG_WARN_OBJC_LITERAL_CONVERSION = YES;
				CLANG_WARN_OBJC_ROOT_CLASS = YES_ERROR;
				CLANG_WARN_RANGE_LOOP_ANALYSIS = YES;
				CLANG_WARN_STRICT_PROTOTYPES = YES;
				CLANG_WARN_SUSPICIOUS_MOVE = YES;
				CLANG_WARN_UNGUARDED_AVAILABILITY = YES_AGGRESSIVE;
				CLANG_WARN_UNREACHABLE_CODE = YES;
				CLANG_WARN__DUPLICATE_METHOD_MATCH = YES;
				CODE_SIGN_IDENTITY = "-";
				COPY_PHASE_STRIP = NO;
				DEBUG_INFORMATION_FORMAT = dwarf;
				ENABLE_STRICT_OBJC_MSGSEND = YES;
				ENABLE_TESTABILITY = YES;
				GCC_C_LANGUAGE_STANDARD = gnu11;
				GCC_DYNAMIC_NO_PIC = NO;
				GCC_NO_COMMON_BLOCKS = YES;
				GCC_OPTIMIZATION_LEVEL = 0;
				GCC_PREPROCESSOR_DEFINITIONS = (
					"DEBUG=1",
					"$(inherited)",
				);
				GCC_WARN_64_TO_32_BIT_CONVERSION = YES;
				GCC_WARN_ABOUT_RETURN_TYPE = YES_ERROR;
				GCC_WARN_UNDECLARED_SELECTOR = YES;
				GCC_WARN_UNINITIALIZED_AUTOS = YES_AGGRESSIVE;
				GCC_WARN_UNUSED_FUNCTION = YES;
				GCC_WARN_UNUSED_VARIABLE = YES;
				MACOSX_DEPLOYMENT_TARGET = 10.13;
				MTL_ENABLE_DEBUG_INFO = YES;
				ONLY_ACTIVE_ARCH = YES;
				SDKROOT = macosx;
				SWIFT_ACTIVE_COMPILATION_CONDITIONS = DEBUG;
				SWIFT_OPTIMIZATION_LEVEL = "-Onone";
			};
			name = Debug;
		};
		A0D0552A203CE255000BE087 /* Release */ = {
			isa = XCBuildConfiguration;
			buildSettings = {
				ALWAYS_SEARCH_USER_PATHS = NO;
				CLANG_ANALYZER_NONNULL = YES;
				CLANG_ANALYZER_NUMBER_OBJECT_CONVERSION = YES_AGGRESSIVE;
				CLANG_CXX_LANGUAGE_STANDARD = "gnu++14";
				CLANG_CXX_LIBRARY = "libc++";
				CLANG_ENABLE_MODULES = YES;
				CLANG_ENABLE_OBJC_ARC = YES;
				CLANG_WARN_BLOCK_CAPTURE_AUTORELEASING = YES;
				CLANG_WARN_BOOL_CONVERSION = YES;
				CLANG_WARN_COMMA = YES;
				CLANG_WARN_CONSTANT_CONVERSION = YES;
				CLANG_WARN_DIRECT_OBJC_ISA_USAGE = YES_ERROR;
				CLANG_WARN_DOCUMENTATION_COMMENTS = YES;
				CLANG_WARN_EMPTY_BODY = YES;
				CLANG_WARN_ENUM_CONVERSION = YES;
				CLANG_WARN_INFINITE_RECURSION = YES;
				CLANG_WARN_INT_CONVERSION = YES;
				CLANG_WARN_NON_LITERAL_NULL_CONVERSION = YES;
				CLANG_WARN_OBJC_LITERAL_CONVERSION = YES;
				CLANG_WARN_OBJC_ROOT_CLASS = YES_ERROR;
				CLANG_WARN_RANGE_LOOP_ANALYSIS = YES;
				CLANG_WARN_STRICT_PROTOTYPES = YES;
				CLANG_WARN_SUSPICIOUS_MOVE = YES;
				CLANG_WARN_UNGUARDED_AVAILABILITY = YES_AGGRESSIVE;
				CLANG_WARN_UNREACHABLE_CODE = YES;
				CLANG_WARN__DUPLICATE_METHOD_MATCH = YES;
				CODE_SIGN_IDENTITY = "-";
				COPY_PHASE_STRIP = NO;
				DEBUG_INFORMATION_FORMAT = "dwarf-with-dsym";
				ENABLE_NS_ASSERTIONS = NO;
				ENABLE_STRICT_OBJC_MSGSEND = YES;
				GCC_C_LANGUAGE_STANDARD = gnu11;
				GCC_NO_COMMON_BLOCKS = YES;
				GCC_WARN_64_TO_32_BIT_CONVERSION = YES;
				GCC_WARN_ABOUT_RETURN_TYPE = YES_ERROR;
				GCC_WARN_UNDECLARED_SELECTOR = YES;
				GCC_WARN_UNINITIALIZED_AUTOS = YES_AGGRESSIVE;
				GCC_WARN_UNUSED_FUNCTION = YES;
				GCC_WARN_UNUSED_VARIABLE = YES;
				MACOSX_DEPLOYMENT_TARGET = 10.13;
				MTL_ENABLE_DEBUG_INFO = NO;
				SDKROOT = macosx;
				SWIFT_OPTIMIZATION_LEVEL = "-Owholemodule";
			};
			name = Release;
		};
		A0D0552C203CE255000BE087 /* Debug */ = {
			isa = XCBuildConfiguration;
			buildSettings = {
				ASSETCATALOG_COMPILER_APPICON_NAME = AppIcon;
				CODE_SIGN_ENTITLEMENTS = PanelSystemExample/PanelSystemExample.entitlements;
				CODE_SIGN_STYLE = Automatic;
				COMBINE_HIDPI_IMAGES = YES;
				INFOPLIST_FILE = PanelSystemExample/Info.plist;
				LD_RUNPATH_SEARCH_PATHS = "$(inherited) @executable_path/../Frameworks";
				PRODUCT_BUNDLE_IDENTIFIER = JJM.PanelSystemExample;
				PRODUCT_NAME = "$(TARGET_NAME)";
				SWIFT_VERSION = 4.2;
			};
			name = Debug;
		};
		A0D0552D203CE255000BE087 /* Release */ = {
			isa = XCBuildConfiguration;
			buildSettings = {
				ASSETCATALOG_COMPILER_APPICON_NAME = AppIcon;
				CODE_SIGN_ENTITLEMENTS = PanelSystemExample/PanelSystemExample.entitlements;
				CODE_SIGN_STYLE = Automatic;
				COMBINE_HIDPI_IMAGES = YES;
				INFOPLIST_FILE = PanelSystemExample/Info.plist;
				LD_RUNPATH_SEARCH_PATHS = "$(inherited) @executable_path/../Frameworks";
				PRODUCT_BUNDLE_IDENTIFIER = JJM.PanelSystemExample;
				PRODUCT_NAME = "$(TARGET_NAME)";
				SWIFT_VERSION = 4.2;
			};
			name = Release;
		};
		A0D0552F203CE255000BE087 /* Debug */ = {
			isa = XCBuildConfiguration;
			buildSettings = {
				ALWAYS_EMBED_SWIFT_STANDARD_LIBRARIES = YES;
				BUNDLE_LOADER = "$(TEST_HOST)";
				CODE_SIGN_STYLE = Automatic;
				COMBINE_HIDPI_IMAGES = YES;
				INFOPLIST_FILE = PanelSystemExampleTests/Info.plist;
				LD_RUNPATH_SEARCH_PATHS = "$(inherited) @executable_path/../Frameworks @loader_path/../Frameworks";
				PRODUCT_BUNDLE_IDENTIFIER = JJM.PanelSystemExampleTests;
				PRODUCT_NAME = "$(TARGET_NAME)";
				SWIFT_VERSION = 4.2;
				TEST_HOST = "$(BUILT_PRODUCTS_DIR)/PanelSystemExample.app/Contents/MacOS/PanelSystemExample";
			};
			name = Debug;
		};
		A0D05530203CE255000BE087 /* Release */ = {
			isa = XCBuildConfiguration;
			buildSettings = {
				ALWAYS_EMBED_SWIFT_STANDARD_LIBRARIES = YES;
				BUNDLE_LOADER = "$(TEST_HOST)";
				CODE_SIGN_STYLE = Automatic;
				COMBINE_HIDPI_IMAGES = YES;
				INFOPLIST_FILE = PanelSystemExampleTests/Info.plist;
				LD_RUNPATH_SEARCH_PATHS = "$(inherited) @executable_path/../Frameworks @loader_path/../Frameworks";
				PRODUCT_BUNDLE_IDENTIFIER = JJM.PanelSystemExampleTests;
				PRODUCT_NAME = "$(TARGET_NAME)";
				SWIFT_VERSION = 4.2;
				TEST_HOST = "$(BUILT_PRODUCTS_DIR)/PanelSystemExample.app/Contents/MacOS/PanelSystemExample";
			};
			name = Release;
		};
		A0D05532203CE255000BE087 /* Debug */ = {
			isa = XCBuildConfiguration;
			buildSettings = {
				ALWAYS_EMBED_SWIFT_STANDARD_LIBRARIES = YES;
				CODE_SIGN_STYLE = Automatic;
				COMBINE_HIDPI_IMAGES = YES;
				INFOPLIST_FILE = PanelSystemExampleUITests/Info.plist;
				LD_RUNPATH_SEARCH_PATHS = "$(inherited) @executable_path/../Frameworks @loader_path/../Frameworks";
				PRODUCT_BUNDLE_IDENTIFIER = JJM.PanelSystemExampleUITests;
				PRODUCT_NAME = "$(TARGET_NAME)";
				SWIFT_VERSION = 4.2;
				TEST_TARGET_NAME = PanelSystemExample;
			};
			name = Debug;
		};
		A0D05533203CE255000BE087 /* Release */ = {
			isa = XCBuildConfiguration;
			buildSettings = {
				ALWAYS_EMBED_SWIFT_STANDARD_LIBRARIES = YES;
				CODE_SIGN_STYLE = Automatic;
				COMBINE_HIDPI_IMAGES = YES;
				INFOPLIST_FILE = PanelSystemExampleUITests/Info.plist;
				LD_RUNPATH_SEARCH_PATHS = "$(inherited) @executable_path/../Frameworks @loader_path/../Frameworks";
				PRODUCT_BUNDLE_IDENTIFIER = JJM.PanelSystemExampleUITests;
				PRODUCT_NAME = "$(TARGET_NAME)";
				SWIFT_VERSION = 4.2;
				TEST_TARGET_NAME = PanelSystemExample;
			};
			name = Release;
		};
/* End XCBuildConfiguration section */

/* Begin XCConfigurationList section */
		A0D05502203CE255000BE087 /* Build configuration list for PBXProject "PanelSystemExample" */ = {
			isa = XCConfigurationList;
			buildConfigurations = (
				A0D05529203CE255000BE087 /* Debug */,
				A0D0552A203CE255000BE087 /* Release */,
			);
			defaultConfigurationIsVisible = 0;
			defaultConfigurationName = Release;
		};
		A0D0552B203CE255000BE087 /* Build configuration list for PBXNativeTarget "PanelSystemExample" */ = {
			isa = XCConfigurationList;
			buildConfigurations = (
				A0D0552C203CE255000BE087 /* Debug */,
				A0D0552D203CE255000BE087 /* Release */,
			);
			defaultConfigurationIsVisible = 0;
			defaultConfigurationName = Release;
		};
		A0D0552E203CE255000BE087 /* Build configuration list for PBXNativeTarget "PanelSystemExampleTests" */ = {
			isa = XCConfigurationList;
			buildConfigurations = (
				A0D0552F203CE255000BE087 /* Debug */,
				A0D05530203CE255000BE087 /* Release */,
			);
			defaultConfigurationIsVisible = 0;
			defaultConfigurationName = Release;
		};
		A0D05531203CE255000BE087 /* Build configuration list for PBXNativeTarget "PanelSystemExampleUITests" */ = {
			isa = XCConfigurationList;
			buildConfigurations = (
				A0D05532203CE255000BE087 /* Debug */,
				A0D05533203CE255000BE087 /* Release */,
			);
			defaultConfigurationIsVisible = 0;
			defaultConfigurationName = Release;
		};
/* End XCConfigurationList section */
	};
	rootObject = A0D054FF203CE255000BE087 /* Project object */;
}
